
Microsoft Visual Studio Solution File, Format Version 12.00
Project("{FAE04EC0-301F-11D3-BF4B-00C04F79EFBC}") = "FastListIteration", "FastListIteration.csproj", "{27D3BEA4-E1D2-4AC8-8175-CC68F4CA3895}"
EndProject
Global
	GlobalSection(SolutionConfigurationPlatforms) = preSolution
		Debug|Any CPU = Debug|Any CPU
		Release|Any CPU = Release|Any CPU
	EndGlobalSection
	GlobalSection(ProjectConfigurationPlatforms) = postSolution
		{27D3BEA4-E1D2-4AC8-8175-CC68F4CA3895}.Debug|Any CPU.ActiveCfg = Debug|Any CPU
		{27D3BEA4-E1D2-4AC8-8175-CC68F4CA3895}.Debug|Any CPU.Build.0 = Debug|Any CPU
		{27D3BEA4-E1D2-4AC8-8175-CC68F4CA3895}.Release|Any CPU.ActiveCfg = Release|Any CPU
		{27D3BEA4-E1D2-4AC8-8175-CC68F4CA3895}.Release|Any CPU.Build.0 = Release|Any CPU
	EndGlobalSection
EndGlobal
